
Microsoft Visual Studio Solution File, Format Version 12.00
# Visual Studio Version 16
VisualStudioVersion = 16.0.31229.75
MinimumVisualStudioVersion = 10.0.40219.1
Project("{9A19103F-16F7-4668-BE54-9A1E7A4F7556}") = "SuperShop", "SuperShop\SuperShop.csproj", "{70F16400-E815-4295-9D8D-699CB3852259}"
EndProject
Project("{FAE04EC0-301F-11D3-BF4B-00C04F79EFBC}") = "SuperShop.Prism", "SuperShop.Prism\SuperShop.Prism\SuperShop.Prism.csproj", "{2C4FB60E-95C3-4102-B498-E3364470F134}"
EndProject
Project("{FAE04EC0-301F-11D3-BF4B-00C04F79EFBC}") = "SuperShop.Prism.Android", "SuperShop.Prism\SuperShop.Prism.Android\SuperShop.Prism.Android.csproj", "{B8418083-D055-4282-BD59-48E72035DE41}"
EndProject
Project("{FAE04EC0-301F-11D3-BF4B-00C04F79EFBC}") = "SuperShop.Prism.iOS", "SuperShop.Prism\SuperShop.Prism.iOS\SuperShop.Prism.iOS.csproj", "{C9D5959C-2A98-48A9-86D4-BAA117489384}"
EndProject
Global
	GlobalSection(SolutionConfigurationPlatforms) = preSolution
		Ad-Hoc|Any CPU = Ad-Hoc|Any CPU
		Ad-Hoc|iPhone = Ad-Hoc|iPhone
		Ad-Hoc|iPhoneSimulator = Ad-Hoc|iPhoneSimulator
		AppStore|Any CPU = AppStore|Any CPU
		AppStore|iPhone = AppStore|iPhone
		AppStore|iPhoneSimulator = AppStore|iPhoneSimulator
		Debug|Any CPU = Debug|Any CPU
		Debug|iPhone = Debug|iPhone
		Debug|iPhoneSimulator = Debug|iPhoneSimulator
		Release|Any CPU = Release|Any CPU
		Release|iPhone = Release|iPhone
		Release|iPhoneSimulator = Release|iPhoneSimulator
	EndGlobalSection
	GlobalSection(ProjectConfigurationPlatforms) = postSolution
		{70F16400-E815-4295-9D8D-699CB3852259}.Ad-Hoc|Any CPU.ActiveCfg = Release|Any CPU
		{70F16400-E815-4295-9D8D-699CB3852259}.Ad-Hoc|Any CPU.Build.0 = Release|Any CPU
		{70F16400-E815-4295-9D8D-699CB3852259}.Ad-Hoc|iPhone.ActiveCfg = Release|Any CPU
		{70F16400-E815-4295-9D8D-699CB3852259}.Ad-Hoc|iPhone.Build.0 = Release|Any CPU
		{70F16400-E815-4295-9D8D-699CB3852259}.Ad-Hoc|iPhoneSimulator.ActiveCfg = Release|Any CPU
		{70F16400-E815-4295-9D8D-699CB3852259}.Ad-Hoc|iPhoneSimulator.Build.0 = Release|Any CPU
		{70F16400-E815-4295-9D8D-699CB3852259}.AppStore|Any CPU.ActiveCfg = Release|Any CPU
		{70F16400-E815-4295-9D8D-699CB3852259}.AppStore|Any CPU.Build.0 = Release|Any CPU
		{70F16400-E815-4295-9D8D-699CB3852259}.AppStore|iPhone.ActiveCfg = Release|Any CPU
		{70F16400-E815-4295-9D8D-699CB3852259}.AppStore|iPhone.Build.0 = Release|Any CPU
		{70F16400-E815-4295-9D8D-699CB3852259}.AppStore|iPhoneSimulator.ActiveCfg = Release|Any CPU
		{70F16400-E815-4295-9D8D-699CB3852259}.AppStore|iPhoneSimulator.Build.0 = Release|Any CPU
		{70F16400-E815-4295-9D8D-699CB3852259}.Debug|Any CPU.ActiveCfg = Debug|Any CPU
		{70F16400-E815-4295-9D8D-699CB3852259}.Debug|Any CPU.Build.0 = Debug|Any CPU
		{70F16400-E815-4295-9D8D-699CB3852259}.Debug|iPhone.ActiveCfg = Debug|Any CPU
		{70F16400-E815-4295-9D8D-699CB3852259}.Debug|iPhone.Build.0 = Debug|Any CPU
		{70F16400-E815-4295-9D8D-699CB3852259}.Debug|iPhoneSimulator.ActiveCfg = Debug|Any CPU
		{70F16400-E815-4295-9D8D-699CB3852259}.Debug|iPhoneSimulator.Build.0 = Debug|Any CPU
		{70F16400-E815-4295-9D8D-699CB3852259}.Release|Any CPU.ActiveCfg = Release|Any CPU
		{70F16400-E815-4295-9D8D-699CB3852259}.Release|Any CPU.Build.0 = Release|Any CPU
		{70F16400-E815-4295-9D8D-699CB3852259}.Release|iPhone.ActiveCfg = Release|Any CPU
		{70F16400-E815-4295-9D8D-699CB3852259}.Release|iPhone.Build.0 = Release|Any CPU
		{70F16400-E815-4295-9D8D-699CB3852259}.Release|iPhoneSimulator.ActiveCfg = Release|Any CPU
		{70F16400-E815-4295-9D8D-699CB3852259}.Release|iPhoneSimulator.Build.0 = Release|Any CPU
		{2C4FB60E-95C3-4102-B498-E3364470F134}.Ad-Hoc|Any CPU.ActiveCfg = Debug|Any CPU
		{2C4FB60E-95C3-4102-B498-E3364470F134}.Ad-Hoc|Any CPU.Build.0 = Debug|Any CPU
		{2C4FB60E-95C3-4102-B498-E3364470F134}.Ad-Hoc|iPhone.ActiveCfg = Debug|Any CPU
		{2C4FB60E-95C3-4102-B498-E3364470F134}.Ad-Hoc|iPhone.Build.0 = Debug|Any CPU
		{2C4FB60E-95C3-4102-B498-E3364470F134}.Ad-Hoc|iPhoneSimulator.ActiveCfg = Debug|Any CPU
		{2C4FB60E-95C3-4102-B498-E3364470F134}.Ad-Hoc|iPhoneSimulator.Build.0 = Debug|Any CPU
		{2C4FB60E-95C3-4102-B498-E3364470F134}.AppStore|Any CPU.ActiveCfg = Debug|Any CPU
		{2C4FB60E-95C3-4102-B498-E3364470F134}.AppStore|Any CPU.Build.0 = Debug|Any CPU
		{2C4FB60E-95C3-4102-B498-E3364470F134}.AppStore|iPhone.ActiveCfg = Debug|Any CPU
		{2C4FB60E-95C3-4102-B498-E3364470F134}.AppStore|iPhone.Build.0 = Debug|Any CPU
		{2C4FB60E-95C3-4102-B498-E3364470F134}.AppStore|iPhoneSimulator.ActiveCfg = Debug|Any CPU
		{2C4FB60E-95C3-4102-B498-E3364470F134}.AppStore|iPhoneSimulator.Build.0 = Debug|Any CPU
		{2C4FB60E-95C3-4102-B498-E3364470F134}.Debug|Any CPU.ActiveCfg = Debug|Any CPU
		{2C4FB60E-95C3-4102-B498-E3364470F134}.Debug|Any CPU.Build.0 = Debug|Any CPU
		{2C4FB60E-95C3-4102-B498-E3364470F134}.Debug|iPhone.ActiveCfg = Debug|Any CPU
		{2C4FB60E-95C3-4102-B498-E3364470F134}.Debug|iPhone.Build.0 = Debug|Any CPU
		{2C4FB60E-95C3-4102-B498-E3364470F134}.Debug|iPhoneSimulator.ActiveCfg = Debug|Any CPU
		{2C4FB60E-95C3-4102-B498-E3364470F134}.Debug|iPhoneSimulator.Build.0 = Debug|Any CPU
		{2C4FB60E-95C3-4102-B498-E3364470F134}.Release|Any CPU.ActiveCfg = Release|Any CPU
		{2C4FB60E-95C3-4102-B498-E3364470F134}.Release|Any CPU.Build.0 = Release|Any CPU
		{2C4FB60E-95C3-4102-B498-E3364470F134}.Release|iPhone.ActiveCfg = Release|Any CPU
		{2C4FB60E-95C3-4102-B498-E3364470F134}.Release|iPhone.Build.0 = Release|Any CPU
		{2C4FB60E-95C3-4102-B498-E3364470F134}.Release|iPhoneSimulator.ActiveCfg = Release|Any CPU
		{2C4FB60E-95C3-4102-B498-E3364470F134}.Release|iPhoneSimulator.Build.0 = Release|Any CPU
		{B8418083-D055-4282-BD59-48E72035DE41}.Ad-Hoc|Any CPU.ActiveCfg = Debug|Any CPU
		{B8418083-D055-4282-BD59-48E72035DE41}.Ad-Hoc|Any CPU.Build.0 = Debug|Any CPU
		{B8418083-D055-4282-BD59-48E72035DE41}.Ad-Hoc|Any CPU.Deploy.0 = Debug|Any CPU
		{B8418083-D055-4282-BD59-48E72035DE41}.Ad-Hoc|iPhone.ActiveCfg = Debug|Any CPU
		{B8418083-D055-4282-BD59-48E72035DE41}.Ad-Hoc|iPhone.Build.0 = Debug|Any CPU
		{B8418083-D055-4282-BD59-48E72035DE41}.Ad-Hoc|iPhone.Deploy.0 = Debug|Any CPU
		{B8418083-D055-4282-BD59-48E72035DE41}.Ad-Hoc|iPhoneSimulator.ActiveCfg = Debug|Any CPU
		{B8418083-D055-4282-BD59-48E72035DE41}.Ad-Hoc|iPhoneSimulator.Build.0 = Debug|Any CPU
		{B8418083-D055-4282-BD59-48E72035DE41}.Ad-Hoc|iPhoneSimulator.Deploy.0 = Debug|Any CPU
		{B8418083-D055-4282-BD59-48E72035DE41}.AppStore|Any CPU.ActiveCfg = Debug|Any CPU
		{B8418083-D055-4282-BD59-48E72035DE41}.AppStore|Any CPU.Build.0 = Debug|Any CPU
		{B8418083-D055-4282-BD59-48E72035DE41}.AppStore|Any CPU.Deploy.0 = Debug|Any CPU
		{B8418083-D055-4282-BD59-48E72035DE41}.AppStore|iPhone.ActiveCfg = Debug|Any CPU
		{B8418083-D055-4282-BD59-48E72035DE41}.AppStore|iPhone.Build.0 = Debug|Any CPU
		{B8418083-D055-4282-BD59-48E72035DE41}.AppStore|iPhone.Deploy.0 = Debug|Any CPU
		{B8418083-D055-4282-BD59-48E72035DE41}.AppStore|iPhoneSimulator.ActiveCfg = Debug|Any CPU
		{B8418083-D055-4282-BD59-48E72035DE41}.AppStore|iPhoneSimulator.Build.0 = Debug|Any CPU
		{B8418083-D055-4282-BD59-48E72035DE41}.AppStore|iPhoneSimulator.Deploy.0 = Debug|Any CPU
		{B8418083-D055-4282-BD59-48E72035DE41}.Debug|Any CPU.ActiveCfg = Debug|Any CPU
		{B8418083-D055-4282-BD59-48E72035DE41}.Debug|Any CPU.Build.0 = Debug|Any CPU
		{B8418083-D055-4282-BD59-48E72035DE41}.Debug|Any CPU.Deploy.0 = Debug|Any CPU
		{B8418083-D055-4282-BD59-48E72035DE41}.Debug|iPhone.ActiveCfg = Debug|Any CPU
		{B8418083-D055-4282-BD59-48E72035DE41}.Debug|iPhone.Build.0 = Debug|Any CPU
		{B8418083-D055-4282-BD59-48E72035DE41}.Debug|iPhone.Deploy.0 = Debug|Any CPU
		{B8418083-D055-4282-BD59-48E72035DE41}.Debug|iPhoneSimulator.ActiveCfg = Debug|Any CPU
		{B8418083-D055-4282-BD59-48E72035DE41}.Debug|iPhoneSimulator.Build.0 = Debug|Any CPU
		{B8418083-D055-4282-BD59-48E72035DE41}.Debug|iPhoneSimulator.Deploy.0 = Debug|Any CPU
		{B8418083-D055-4282-BD59-48E72035DE41}.Release|Any CPU.ActiveCfg = Release|Any CPU
		{B8418083-D055-4282-BD59-48E72035DE41}.Release|Any CPU.Build.0 = Release|Any CPU
		{B8418083-D055-4282-BD59-48E72035DE41}.Release|Any CPU.Deploy.0 = Release|Any CPU
		{B8418083-D055-4282-BD59-48E72035DE41}.Release|iPhone.ActiveCfg = Release|Any CPU
		{B8418083-D055-4282-BD59-48E72035DE41}.Release|iPhone.Build.0 = Release|Any CPU
		{B8418083-D055-4282-BD59-48E72035DE41}.Release|iPhone.Deploy.0 = Release|Any CPU
		{B8418083-D055-4282-BD59-48E72035DE41}.Release|iPhoneSimulator.ActiveCfg = Release|Any CPU
		{B8418083-D055-4282-BD59-48E72035DE41}.Release|iPhoneSimulator.Build.0 = Release|Any CPU
		{B8418083-D055-4282-BD59-48E72035DE41}.Release|iPhoneSimulator.Deploy.0 = Release|Any CPU
		{C9D5959C-2A98-48A9-86D4-BAA117489384}.Ad-Hoc|Any CPU.ActiveCfg = Ad-Hoc|iPhoneSimulator
		{C9D5959C-2A98-48A9-86D4-BAA117489384}.Ad-Hoc|iPhone.ActiveCfg = Ad-Hoc|iPhone
		{C9D5959C-2A98-48A9-86D4-BAA117489384}.Ad-Hoc|iPhone.Build.0 = Ad-Hoc|iPhone
		{C9D5959C-2A98-48A9-86D4-BAA117489384}.Ad-Hoc|iPhoneSimulator.ActiveCfg = Ad-Hoc|iPhoneSimulator
		{C9D5959C-2A98-48A9-86D4-BAA117489384}.Ad-Hoc|iPhoneSimulator.Build.0 = Ad-Hoc|iPhoneSimulator
		{C9D5959C-2A98-48A9-86D4-BAA117489384}.AppStore|Any CPU.ActiveCfg = AppStore|iPhoneSimulator
		{C9D5959C-2A98-48A9-86D4-BAA117489384}.AppStore|iPhone.ActiveCfg = AppStore|iPhone
		{C9D5959C-2A98-48A9-86D4-BAA117489384}.AppStore|iPhone.Build.0 = AppStore|iPhone
		{C9D5959C-2A98-48A9-86D4-BAA117489384}.AppStore|iPhoneSimulator.ActiveCfg = AppStore|iPhoneSimulator
		{C9D5959C-2A98-48A9-86D4-BAA117489384}.AppStore|iPhoneSimulator.Build.0 = AppStore|iPhoneSimulator
		{C9D5959C-2A98-48A9-86D4-BAA117489384}.Debug|Any CPU.ActiveCfg = Debug|iPhoneSimulator
		{C9D5959C-2A98-48A9-86D4-BAA117489384}.Debug|iPhone.ActiveCfg = Debug|iPhone
		{C9D5959C-2A98-48A9-86D4-BAA117489384}.Debug|iPhone.Build.0 = Debug|iPhone
		{C9D5959C-2A98-48A9-86D4-BAA117489384}.Debug|iPhoneSimulator.ActiveCfg = Debug|iPhoneSimulator
		{C9D5959C-2A98-48A9-86D4-BAA117489384}.Debug|iPhoneSimulator.Build.0 = Debug|iPhoneSimulator
		{C9D5959C-2A98-48A9-86D4-BAA117489384}.Release|Any CPU.ActiveCfg = Release|iPhoneSimulator
		{C9D5959C-2A98-48A9-86D4-BAA117489384}.Release|iPhone.ActiveCfg = Release|iPhone
		{C9D5959C-2A98-48A9-86D4-BAA117489384}.Release|iPhone.Build.0 = Release|iPhone
		{C9D5959C-2A98-48A9-86D4-BAA117489384}.Release|iPhoneSimulator.ActiveCfg = Release|iPhoneSimulator
		{C9D5959C-2A98-48A9-86D4-BAA117489384}.Release|iPhoneSimulator.Build.0 = Release|iPhoneSimulator
	EndGlobalSection
	GlobalSection(SolutionProperties) = preSolution
		HideSolutionNode = FALSE
	EndGlobalSection
	GlobalSection(ExtensibilityGlobals) = postSolution
		SolutionGuid = {29E93F35-4872-49A1-B5F7-BEFC78621160}
	EndGlobalSection
EndGlobal
